
Microsoft Visual Studio Solution File, Format Version 12.00
# Visual Studio Version 17
VisualStudioVersion = 17.4.33213.308
MinimumVisualStudioVersion = 10.0.40219.1
Project("{FAE04EC0-301F-11D3-BF4B-00C04F79EFBC}") = "clubMemberIndexer", "clubMemberIndexer\clubMemberIndexer.csproj", "{F523FC9B-8A71-44A7-8BD2-A44E97753756}"
EndProject
Global
	GlobalSection(SolutionConfigurationPlatforms) = preSolution
		Debug|Any CPU = Debug|Any CPU
		Release|Any CPU = Release|Any CPU
	EndGlobalSection
	GlobalSection(ProjectConfigurationPlatforms) = postSolution
		{F523FC9B-8A71-44A7-8BD2-A44E97753756}.Debug|Any CPU.ActiveCfg = Debug|Any CPU
		{F523FC9B-8A71-44A7-8BD2-A44E97753756}.Debug|Any CPU.Build.0 = Debug|Any CPU
		{F523FC9B-8A71-44A7-8BD2-A44E97753756}.Release|Any CPU.ActiveCfg = Release|Any CPU
		{F523FC9B-8A71-44A7-8BD2-A44E97753756}.Release|Any CPU.Build.0 = Release|Any CPU
	EndGlobalSection
	GlobalSection(SolutionProperties) = preSolution
		HideSolutionNode = FALSE
	EndGlobalSection
	GlobalSection(ExtensibilityGlobals) = postSolution
		SolutionGuid = {EE4417E3-15BF-4B12-A20D-8039A90CDCBB}
	EndGlobalSection
EndGlobal
